{
  "lockfileVersion": 1,
  "workspaces": {
    "": {
      "name": "font-files",
      "dependencies": {
        "@fontsource-utils/cli": "0.6.6",
        "@fontsource-utils/publish": "^0.3.2",
        "@types/node": "^22.13.8",
        "algoliasearch": "4.24.0",
        "consola": "^3.4.0",
        "google-font-metadata": "^6.0.3",
        "json-stringify-pretty-compact": "^4.0.0",
        "pathe": "1.1.2",
      },
    },
  },
  "packages": {
    "@algolia/cache-browser-local-storage": ["@algolia/cache-browser-local-storage@4.24.0", "", { "dependencies": { "@algolia/cache-common": "4.24.0" } }, "sha512-t63W9BnoXVrGy9iYHBgObNXqYXM3tYXCjDSHeNwnsc324r4o5UiVKUiAB4THQ5z9U5hTj6qUvwg/Ez43ZD85ww=="],

    "@algolia/cache-common": ["@algolia/cache-common@4.24.0", "", {}, "sha512-emi+v+DmVLpMGhp0V9q9h5CdkURsNmFC+cOS6uK9ndeJm9J4TiqSvPYVu+THUP8P/S08rxf5x2P+p3CfID0Y4g=="],

    "@algolia/cache-in-memory": ["@algolia/cache-in-memory@4.24.0", "", { "dependencies": { "@algolia/cache-common": "4.24.0" } }, "sha512-gDrt2so19jW26jY3/MkFg5mEypFIPbPoXsQGQWAi6TrCPsNOSEYepBMPlucqWigsmEy/prp5ug2jy/N3PVG/8w=="],

    "@algolia/client-account": ["@algolia/client-account@4.24.0", "", { "dependencies": { "@algolia/client-common": "4.24.0", "@algolia/client-search": "4.24.0", "@algolia/transporter": "4.24.0" } }, "sha512-adcvyJ3KjPZFDybxlqnf+5KgxJtBjwTPTeyG2aOyoJvx0Y8dUQAEOEVOJ/GBxX0WWNbmaSrhDURMhc+QeevDsA=="],

    "@algolia/client-analytics": ["@algolia/client-analytics@4.24.0", "", { "dependencies": { "@algolia/client-common": "4.24.0", "@algolia/client-search": "4.24.0", "@algolia/requester-common": "4.24.0", "@algolia/transporter": "4.24.0" } }, "sha512-y8jOZt1OjwWU4N2qr8G4AxXAzaa8DBvyHTWlHzX/7Me1LX8OayfgHexqrsL4vSBcoMmVw2XnVW9MhL+Y2ZDJXg=="],

    "@algolia/client-common": ["@algolia/client-common@4.24.0", "", { "dependencies": { "@algolia/requester-common": "4.24.0", "@algolia/transporter": "4.24.0" } }, "sha512-bc2ROsNL6w6rqpl5jj/UywlIYC21TwSSoFHKl01lYirGMW+9Eek6r02Tocg4gZ8HAw3iBvu6XQiM3BEbmEMoiA=="],

    "@algolia/client-personalization": ["@algolia/client-personalization@4.24.0", "", { "dependencies": { "@algolia/client-common": "4.24.0", "@algolia/requester-common": "4.24.0", "@algolia/transporter": "4.24.0" } }, "sha512-l5FRFm/yngztweU0HdUzz1rC4yoWCFo3IF+dVIVTfEPg906eZg5BOd1k0K6rZx5JzyyoP4LdmOikfkfGsKVE9w=="],

    "@algolia/client-search": ["@algolia/client-search@4.24.0", "", { "dependencies": { "@algolia/client-common": "4.24.0", "@algolia/requester-common": "4.24.0", "@algolia/transporter": "4.24.0" } }, "sha512-uRW6EpNapmLAD0mW47OXqTP8eiIx5F6qN9/x/7HHO6owL3N1IXqydGwW5nhDFBrV+ldouro2W1VX3XlcUXEFCA=="],

    "@algolia/logger-common": ["@algolia/logger-common@4.24.0", "", {}, "sha512-LLUNjkahj9KtKYrQhFKCzMx0BY3RnNP4FEtO+sBybCjJ73E8jNdaKJ/Dd8A/VA4imVHP5tADZ8pn5B8Ga/wTMA=="],

    "@algolia/logger-console": ["@algolia/logger-console@4.24.0", "", { "dependencies": { "@algolia/logger-common": "4.24.0" } }, "sha512-X4C8IoHgHfiUROfoRCV+lzSy+LHMgkoEEU1BbKcsfnV0i0S20zyy0NLww9dwVHUWNfPPxdMU+/wKmLGYf96yTg=="],

    "@algolia/recommend": ["@algolia/recommend@4.24.0", "", { "dependencies": { "@algolia/cache-browser-local-storage": "4.24.0", "@algolia/cache-common": "4.24.0", "@algolia/cache-in-memory": "4.24.0", "@algolia/client-common": "4.24.0", "@algolia/client-search": "4.24.0", "@algolia/logger-common": "4.24.0", "@algolia/logger-console": "4.24.0", "@algolia/requester-browser-xhr": "4.24.0", "@algolia/requester-common": "4.24.0", "@algolia/requester-node-http": "4.24.0", "@algolia/transporter": "4.24.0" } }, "sha512-P9kcgerfVBpfYHDfVZDvvdJv0lEoCvzNlOy2nykyt5bK8TyieYyiD0lguIJdRZZYGre03WIAFf14pgE+V+IBlw=="],

    "@algolia/requester-browser-xhr": ["@algolia/requester-browser-xhr@4.24.0", "", { "dependencies": { "@algolia/requester-common": "4.24.0" } }, "sha512-Z2NxZMb6+nVXSjF13YpjYTdvV3032YTBSGm2vnYvYPA6mMxzM3v5rsCiSspndn9rzIW4Qp1lPHBvuoKJV6jnAA=="],

    "@algolia/requester-common": ["@algolia/requester-common@4.24.0", "", {}, "sha512-k3CXJ2OVnvgE3HMwcojpvY6d9kgKMPRxs/kVohrwF5WMr2fnqojnycZkxPoEg+bXm8fi5BBfFmOqgYztRtHsQA=="],

    "@algolia/requester-node-http": ["@algolia/requester-node-http@4.24.0", "", { "dependencies": { "@algolia/requester-common": "4.24.0" } }, "sha512-JF18yTjNOVYvU/L3UosRcvbPMGT9B+/GQWNWnenIImglzNVGpyzChkXLnrSf6uxwVNO6ESGu6oN8MqcGQcjQJw=="],

    "@algolia/transporter": ["@algolia/transporter@4.24.0", "", { "dependencies": { "@algolia/cache-common": "4.24.0", "@algolia/logger-common": "4.24.0", "@algolia/requester-common": "4.24.0" } }, "sha512-86nI7w6NzWxd1Zp9q3413dRshDqAzSbsQjhcDhPIatEFiZrL1/TjnHL8S7jVKFePlIMzDsZWXAXwXzcok9c5oA=="],

    "@clack/core": ["@clack/core@0.3.5", "", { "dependencies": { "picocolors": "^1.0.0", "sisteransi": "^1.0.5" } }, "sha512-5cfhQNH+1VQ2xLQlmzXMqUoiaH0lRBq9/CLW9lTyMbuKLC3+xEK01tHVvyut++mLOn5urSHmkm6I0Lg9MaJSTQ=="],

    "@clack/prompts": ["@clack/prompts@0.6.3", "", { "dependencies": { "@clack/core": "^0.3.2", "is-unicode-supported": "*", "picocolors": "^1.0.0", "sisteransi": "^1.0.5" } }, "sha512-AM+kFmAHawpUQv2q9+mcB6jLKxXGjgu/r2EQjEwujgpCdzrST6BJqYw00GRn56/L/Izw5U7ImoLmy00X/r80Pw=="],

    "@evan/concurrency": ["@evan/concurrency@0.0.3", "", {}, "sha512-vjhkm2nrXoM39G4aP/U4CC5vFv/ZlMRSjbTII0N65J9R0EpgjdGswnHKS1KSjfGAp/9zKSNaojBgi0SxKnGapw=="],

    "@fontsource-utils/cli": ["@fontsource-utils/cli@0.6.6", "", { "dependencies": { "@clack/prompts": "^0.6.3", "@fontsource-utils/generate": "0.4.1", "cac": "^6.7.14", "consola": "^3.1.0", "dotenv": "^16.1.4", "fs-extra": "^11.1.1", "json-stringify-pretty-compact": "^4.0.0", "p-queue": "^7.4.1", "pathe": "^1.1.1", "picocolors": "^1.0.0" }, "peerDependencies": { "google-font-metadata": "^6.0.0" }, "bin": { "fontsource": "dist/cli.mjs" } }, "sha512-m+Vo2AMYyCnkr5uZ7i+087Lu50ScdHx9FyA/ibN3EeBKznjlRzwfHizcudWcUJSKtfXjWa6CuolzUdiqo+scbQ=="],

    "@fontsource-utils/generate": ["@fontsource-utils/generate@0.4.1", "", {}, "sha512-BkN73pZfMvpVZoXDTvVVS/8Kf3jn0dtyT0ihE69/f6qBcGSyKACk0hV9zQEDARA3RaDh7NbrHpaQgQoP6CdAJw=="],

    "@fontsource-utils/publish": ["@fontsource-utils/publish@0.3.2", "", { "dependencies": { "@clack/prompts": "^0.6.0", "@npmcli/package-json": "^3.1.1", "cac": "^6.7.14", "consola": "^3.1.0", "defu": "^6.1.2", "dotenv": "^16.1.4", "execa": "^7.1.1", "fs-extra": "^11.1.0", "hash-wasm": "^4.9.0", "json-stringify-pretty-compact": "^4.0.0", "p-queue": "^7.4.1", "parse-git-config": "^3.0.0", "pathe": "^1.1.1", "picocolors": "^1.0.0", "semver": "^7.5.1" }, "bin": { "fontsource-publish": "dist/cli.mjs" } }, "sha512-TeI+e0MZFea22OlLIs67mh2FnDR9hTfTT5U2V7ldzIC18lIL+lcrA7YAnJ2x/6xMmpL9cqYMSsQVgYUr4P1Tiw=="],

    "@isaacs/cliui": ["@isaacs/cliui@8.0.2", "", { "dependencies": { "string-width": "^5.1.2", "string-width-cjs": "npm:string-width@^4.2.0", "strip-ansi": "^7.0.1", "strip-ansi-cjs": "npm:strip-ansi@^6.0.1", "wrap-ansi": "^8.1.0", "wrap-ansi-cjs": "npm:wrap-ansi@^7.0.0" } }, "sha512-O8jcjabXaleOG9DQ0+ARXWZBTfnP4WNAqzuiJK7ll44AmxGKv/J2M4TPjxjY3znBCfvBXFzucm1twdyFybFqEA=="],

    "@npmcli/git": ["@npmcli/git@4.1.0", "", { "dependencies": { "@npmcli/promise-spawn": "^6.0.0", "lru-cache": "^7.4.4", "npm-pick-manifest": "^8.0.0", "proc-log": "^3.0.0", "promise-inflight": "^1.0.1", "promise-retry": "^2.0.1", "semver": "^7.3.5", "which": "^3.0.0" } }, "sha512-9hwoB3gStVfa0N31ymBmrX+GuDGdVA/QWShZVqE0HK2Af+7QGGrCTbZia/SW0ImUTjTne7SP91qxDmtXvDHRPQ=="],

    "@npmcli/package-json": ["@npmcli/package-json@3.1.1", "", { "dependencies": { "@npmcli/git": "^4.1.0", "glob": "^10.2.2", "json-parse-even-better-errors": "^3.0.0", "normalize-package-data": "^5.0.0", "npm-normalize-package-bin": "^3.0.1", "proc-log": "^3.0.0" } }, "sha512-+UW0UWOYFKCkvszLoTwrYGrjNrT8tI5Ckeb/h+Z1y1fsNJEctl7HmerA5j2FgmoqFaLI2gsA1X9KgMFqx/bRmA=="],

    "@npmcli/promise-spawn": ["@npmcli/promise-spawn@6.0.2", "", { "dependencies": { "which": "^3.0.0" } }, "sha512-gGq0NJkIGSwdbUt4yhdF8ZrmkGKVz9vAdVzpOfnom+V8PLSmSOVhZwbNvZZS1EYcJN5hzzKBxmmVVAInM6HQLg=="],

    "@octokit/auth-token": ["@octokit/auth-token@5.1.2", "", {}, "sha512-JcQDsBdg49Yky2w2ld20IHAlwr8d/d8N6NiOXbtuoPCqzbsiJgF633mVUw3x4mo0H5ypataQIX7SFu3yy44Mpw=="],

    "@octokit/core": ["@octokit/core@6.1.4", "", { "dependencies": { "@octokit/auth-token": "^5.0.0", "@octokit/graphql": "^8.1.2", "@octokit/request": "^9.2.1", "@octokit/request-error": "^6.1.7", "@octokit/types": "^13.6.2", "before-after-hook": "^3.0.2", "universal-user-agent": "^7.0.0" } }, "sha512-lAS9k7d6I0MPN+gb9bKDt7X8SdxknYqAMh44S5L+lNqIN2NuV8nvv3g8rPp7MuRxcOpxpUIATWprO0C34a8Qmg=="],

    "@octokit/endpoint": ["@octokit/endpoint@10.1.3", "", { "dependencies": { "@octokit/types": "^13.6.2", "universal-user-agent": "^7.0.2" } }, "sha512-nBRBMpKPhQUxCsQQeW+rCJ/OPSMcj3g0nfHn01zGYZXuNDvvXudF/TYY6APj5THlurerpFN4a/dQAIAaM6BYhA=="],

    "@octokit/graphql": ["@octokit/graphql@8.2.1", "", { "dependencies": { "@octokit/request": "^9.2.2", "@octokit/types": "^13.8.0", "universal-user-agent": "^7.0.0" } }, "sha512-n57hXtOoHrhwTWdvhVkdJHdhTv0JstjDbDRhJfwIRNfFqmSo1DaK/mD2syoNUoLCyqSjBpGAKOG0BuwF392slw=="],

    "@octokit/openapi-types": ["@octokit/openapi-types@23.0.1", "", {}, "sha512-izFjMJ1sir0jn0ldEKhZ7xegCTj/ObmEDlEfpFrx4k/JyZSMRHbO3/rBwgE7f3m2DHt+RrNGIVw4wSmwnm3t/g=="],

    "@octokit/request": ["@octokit/request@9.2.2", "", { "dependencies": { "@octokit/endpoint": "^10.1.3", "@octokit/request-error": "^6.1.7", "@octokit/types": "^13.6.2", "fast-content-type-parse": "^2.0.0", "universal-user-agent": "^7.0.2" } }, "sha512-dZl0ZHx6gOQGcffgm1/Sf6JfEpmh34v3Af2Uci02vzUYz6qEN6zepoRtmybWXIGXFIK8K9ylE3b+duCWqhArtg=="],

    "@octokit/request-error": ["@octokit/request-error@6.1.7", "", { "dependencies": { "@octokit/types": "^13.6.2" } }, "sha512-69NIppAwaauwZv6aOzb+VVLwt+0havz9GT5YplkeJv7fG7a40qpLt/yZKyiDxAhgz0EtgNdNcb96Z0u+Zyuy2g=="],

    "@octokit/types": ["@octokit/types@13.8.0", "", { "dependencies": { "@octokit/openapi-types": "^23.0.1" } }, "sha512-x7DjTIbEpEWXK99DMd01QfWy0hd5h4EN+Q7shkdKds3otGQP+oWE/y0A76i1OvH9fygo4ddvNf7ZvF0t78P98A=="],

    "@pkgjs/parseargs": ["@pkgjs/parseargs@0.11.0", "", {}, "sha512-+1VkjdD0QBLPodGrJUeqarH8VAIvQODIbwh9XpP5Syisf7YoQgsJKPNFoqqLQlu+VQ/tVSshMR6loPMn8U+dPg=="],

    "@types/node": ["@types/node@22.13.8", "", { "dependencies": { "undici-types": "~6.20.0" } }, "sha512-G3EfaZS+iOGYWLLRCEAXdWK9my08oHNZ+FHluRiggIYJPOXzhOiDgpVCUHaUvyIC5/fj7C/p637jdzC666AOKQ=="],

    "algoliasearch": ["algoliasearch@4.24.0", "", { "dependencies": { "@algolia/cache-browser-local-storage": "4.24.0", "@algolia/cache-common": "4.24.0", "@algolia/cache-in-memory": "4.24.0", "@algolia/client-account": "4.24.0", "@algolia/client-analytics": "4.24.0", "@algolia/client-common": "4.24.0", "@algolia/client-personalization": "4.24.0", "@algolia/client-search": "4.24.0", "@algolia/logger-common": "4.24.0", "@algolia/logger-console": "4.24.0", "@algolia/recommend": "4.24.0", "@algolia/requester-browser-xhr": "4.24.0", "@algolia/requester-common": "4.24.0", "@algolia/requester-node-http": "4.24.0", "@algolia/transporter": "4.24.0" } }, "sha512-bf0QV/9jVejssFBmz2HQLxUadxk574t4iwjCKp5E7NBzwKkrDEhKPISIIjAU/p6K5qDx3qoeh4+26zWN1jmw3g=="],

    "ansi-regex": ["ansi-regex@6.1.0", "", {}, "sha512-7HSX4QQb4CspciLpVFwyRe79O3xsIZDDLER21kERQ71oaPodF8jL725AgJMFAYbooIqolJoRLuM81SpeUkpkvA=="],

    "ansi-styles": ["ansi-styles@6.2.1", "", {}, "sha512-bN798gFfQX+viw3R7yrGWRqnrN2oRkEkUjjl4JNn4E8GxxbjtG3FbrEIIY3l8/hrwUwIeCZvi4QuOTP4MErVug=="],

    "balanced-match": ["balanced-match@1.0.2", "", {}, "sha512-3oSeUO0TMV67hN1AmbXsK4yaqU7tjiHlbxRDZOpH0KW9+CeX4bRAaX0Anxt0tx2MrpRpWwQaPwIlISEJhYU5Pw=="],

    "before-after-hook": ["before-after-hook@3.0.2", "", {}, "sha512-Nik3Sc0ncrMK4UUdXQmAnRtzmNQTAAXmXIopizwZ1W1t8QmfJj+zL4OA2I7XPTPW5z5TDqv4hRo/JzouDJnX3A=="],

    "boolbase": ["boolbase@1.0.0", "", {}, "sha512-JZOSA7Mo9sNGB8+UjSgzdLtokWAky1zbztM3WRLCbZ70/3cTANmQmOdR7y2g+J0e2WXywy1yS468tY+IruqEww=="],

    "brace-expansion": ["brace-expansion@2.0.1", "", { "dependencies": { "balanced-match": "^1.0.0" } }, "sha512-XnAIvQ8eM+kC6aULx6wuQiwVsnzsi9d3WxzV3FpWTGA19F621kwdbsAcFKXgKUHZWsy+mY6iL1sHTxWEFCytDA=="],

    "cac": ["cac@6.7.14", "", {}, "sha512-b6Ilus+c3RrdDk+JhLKUAQfzzgLEPy6wcXqS7f/xe1EETvsDP6GORG7SFuOs6cID5YkqchW/LXZbX5bc8j7ZcQ=="],

    "color-convert": ["color-convert@2.0.1", "", { "dependencies": { "color-name": "~1.1.4" } }, "sha512-RRECPsj7iu/xb5oKYcsFHSppFNnsj/52OVTRKb4zP5onXwVF3zVmmToNcOfGC+CRDpfK/U584fMg38ZHCaElKQ=="],

    "color-name": ["color-name@1.1.4", "", {}, "sha512-dOy+3AuW3a2wNbZHIuMZpTcgjGuLU/uBL/ubcZF9OXbDo8ff4O8yVp5Bf0efS8uEoYo5q4Fx7dY9OgQGXgAsQA=="],

    "consola": ["consola@3.4.0", "", {}, "sha512-EiPU8G6dQG0GFHNR8ljnZFki/8a+cQwEQ+7wpxdChl02Q8HXlwEZWD5lqAF8vC2sEC3Tehr8hy7vErz88LHyUA=="],

    "cross-spawn": ["cross-spawn@7.0.6", "", { "dependencies": { "path-key": "^3.1.0", "shebang-command": "^2.0.0", "which": "^2.0.1" } }, "sha512-uV2QOWP2nWzsy2aMp8aRibhi9dlzF5Hgh5SHaB9OiTGEyDTiJJyx0uy51QXdyWbtAHNua4XJzUKca3OzKUd3vA=="],

    "css-select": ["css-select@5.1.0", "", { "dependencies": { "boolbase": "^1.0.0", "css-what": "^6.1.0", "domhandler": "^5.0.2", "domutils": "^3.0.1", "nth-check": "^2.0.1" } }, "sha512-nwoRF1rvRRnnCqqY7updORDsuqKzqYJ28+oSMaJMMgOauh3fvwHqMS7EZpIPqK8GL+g9mKxF1vP/ZjSeNjEVHg=="],

    "css-what": ["css-what@6.1.0", "", {}, "sha512-HTUrgRJ7r4dsZKU6GjmpfRK1O76h97Z8MfS1G0FozR+oF2kG6Vfe8JE6zwrkbxigziPHinCJ+gCPjA9EaBDtRw=="],

    "cssom": ["cssom@0.5.0", "", {}, "sha512-iKuQcq+NdHqlAcwUY0o/HL69XQrUaQdMjmStJ8JFmUaiiQErlhrmuigkg/CU4E2J0IyUKUrMAgl36TvN67MqTw=="],

    "deepmerge": ["deepmerge@4.3.1", "", {}, "sha512-3sUqbMEc77XqpdNO7FRyRog+eW3ph+GYCbj+rK+uYyRMuwsVy0rMiVtPn+QJlKFvWP/1PYpapqYn0Me2knFn+A=="],

    "defu": ["defu@6.1.4", "", {}, "sha512-mEQCMmwJu317oSz8CwdIOdwf3xMif1ttiM8LTufzc3g6kR+9Pe236twL8j3IYT1F7GfRgGcW6MWxzZjLIkuHIg=="],

    "dom-serializer": ["dom-serializer@2.0.0", "", { "dependencies": { "domelementtype": "^2.3.0", "domhandler": "^5.0.2", "entities": "^4.2.0" } }, "sha512-wIkAryiqt/nV5EQKqQpo3SToSOV9J0DnbJqwK7Wv/Trc92zIAYZ4FlMu+JPFW1DfGFt81ZTCGgDEabffXeLyJg=="],

    "domelementtype": ["domelementtype@2.3.0", "", {}, "sha512-OLETBj6w0OsagBwdXnPdN0cnMfF9opN69co+7ZrbfPGrdpPVNBUj02spi6B1N7wChLQiPn4CSH/zJvXw56gmHw=="],

    "domhandler": ["domhandler@5.0.3", "", { "dependencies": { "domelementtype": "^2.3.0" } }, "sha512-cgwlv/1iFQiFnU96XXgROh8xTeetsnJiDsTc7TYCLFd9+/WNkIqPTxiM/8pSd8VIrhXGTf1Ny1q1hquVqDJB5w=="],

    "domutils": ["domutils@3.2.2", "", { "dependencies": { "dom-serializer": "^2.0.0", "domelementtype": "^2.3.0", "domhandler": "^5.0.3" } }, "sha512-6kZKyUajlDuqlHKVX1w7gyslj9MPIXzIFiz/rGu35uC1wMi+kMhQwGhl4lt9unC9Vb9INnY9Z3/ZA3+FhASLaw=="],

    "dotenv": ["dotenv@16.4.7", "", {}, "sha512-47qPchRCykZC03FhkYAhrvwU4xDBFIj1QPqaarj6mdM/hgUzfPHcpkHJOn3mJAufFeeAxAzeGsr5X0M4k6fLZQ=="],

    "eastasianwidth": ["eastasianwidth@0.2.0", "", {}, "sha512-I88TYZWc9XiYHRQ4/3c5rjjfgkjhLyW2luGIheGERbNQ6OY7yTybanSpDXZa8y7VUP9YmDcYa+eyq4ca7iLqWA=="],

    "emoji-regex": ["emoji-regex@9.2.2", "", {}, "sha512-L18DaJsXSUk2+42pv8mLs5jJT2hqFkFE4j21wOmgbUqsZ2hL72NsUU785g9RXgo3s0ZNgVl42TiHp3ZtOv/Vyg=="],

    "entities": ["entities@6.0.0", "", {}, "sha512-aKstq2TDOndCn4diEyp9Uq/Flu2i1GlLkc6XIDQSDMuaFE3OPW5OphLCyQ5SpSJZTb4reN+kTcYru5yIfXoRPw=="],

    "err-code": ["err-code@2.0.3", "", {}, "sha512-2bmlRpNKBxT/CRmPOlyISQpNj+qSeYvcym/uT0Jx2bMOlKLtSy1ZmLuVxSEKKyor/N5yhvp/ZiG1oE3DEYMSFA=="],

    "eventemitter3": ["eventemitter3@5.0.1", "", {}, "sha512-GWkBvjiSZK87ELrYOSESUYeVIc9mvLLf/nXalMOS5dYrgZq9o5OVkbZAVM06CVxYsCwH9BDZFPlQTlPA1j4ahA=="],

    "execa": ["execa@7.2.0", "", { "dependencies": { "cross-spawn": "^7.0.3", "get-stream": "^6.0.1", "human-signals": "^4.3.0", "is-stream": "^3.0.0", "merge-stream": "^2.0.0", "npm-run-path": "^5.1.0", "onetime": "^6.0.0", "signal-exit": "^3.0.7", "strip-final-newline": "^3.0.0" } }, "sha512-UduyVP7TLB5IcAQl+OzLyLcS/l32W/GLg+AhHJ+ow40FOk2U3SAllPwR44v4vmdFwIWqpdwxxpQbF1n5ta9seA=="],

    "fast-content-type-parse": ["fast-content-type-parse@2.0.1", "", {}, "sha512-nGqtvLrj5w0naR6tDPfB4cUmYCqouzyQiz6C5y/LtcDllJdrcc6WaWW6iXyIIOErTa/XRybj28aasdn4LkVk6Q=="],

    "foreground-child": ["foreground-child@3.3.1", "", { "dependencies": { "cross-spawn": "^7.0.6", "signal-exit": "^4.0.1" } }, "sha512-gIXjKqtFuWEgzFRJA9WCQeSJLZDjgJUOMCMzxtvFq/37KojM1BFGufqsCy0r4qSQmYLsZYMeyRqzIWOMup03sw=="],

    "fs-extra": ["fs-extra@11.3.0", "", { "dependencies": { "graceful-fs": "^4.2.0", "jsonfile": "^6.0.1", "universalify": "^2.0.0" } }, "sha512-Z4XaCL6dUDHfP/jT25jJKMmtxvuwbkrD1vNSMFlo9lNLY2c5FHYSQgHPRZUjAB26TpDEoW9HCOgplrdbaPV/ew=="],

    "fsevents": ["fsevents@2.3.2", "", { "os": "darwin" }, "sha512-xiqMQR4xAeHTuB9uWm+fFRcIOgKBMiOBP+eXiyT7jsgVCq1bkVygt00oASowB7EdtpOHaaPgKt812P9ab+DDKA=="],

    "function-bind": ["function-bind@1.1.2", "", {}, "sha512-7XHNxH7qX9xG5mIwxkhumTox/MIRNcOgDrxWsMt2pAr23WHp6MrRlN7FBSFpCpr+oVO0F744iUgR82nJMfG2SA=="],

    "get-stream": ["get-stream@6.0.1", "", {}, "sha512-ts6Wi+2j3jQjqi70w5AlN8DFnkSwC+MqmxEzdEALB2qXZYV3X/b1CTfgPLGJNMeAWxdPfU8FO1ms3NUfaHCPYg=="],

    "git-config-path": ["git-config-path@2.0.0", "", {}, "sha512-qc8h1KIQbJpp+241id3GuAtkdyJ+IK+LIVtkiFTRKRrmddDzs3SI9CvP1QYmWBFvm1I/PWRwj//of8bgAc0ltA=="],

    "glob": ["glob@10.4.5", "", { "dependencies": { "foreground-child": "^3.1.0", "jackspeak": "^3.1.2", "minimatch": "^9.0.4", "minipass": "^7.1.2", "package-json-from-dist": "^1.0.0", "path-scurry": "^1.11.1" }, "bin": { "glob": "dist/esm/bin.mjs" } }, "sha512-7Bv8RF0k6xjo7d4A/PxYLbUCfb6c+Vpd2/mB2yRDlew7Jb5hEXiCD9ibfO7wpk8i4sevK6DFny9h7EYbM3/sHg=="],

    "google-font-metadata": ["google-font-metadata@6.0.3", "", { "dependencies": { "@evan/concurrency": "^0.0.3", "@octokit/core": "^6.1.2", "cac": "^6.7.14", "consola": "^3.3.3", "deepmerge": "^4.3.1", "json-stringify-pretty-compact": "^4.0.0", "linkedom": "^0.18.6", "pathe": "^1.1.2", "picocolors": "^1.1.1", "playwright": "^1.49.1", "stylis": "^4.3.4", "zod": "^3.24.1" }, "bin": { "gfm": "dist/cli.mjs" } }, "sha512-62+QB+nmBKppHrxwvILZkV/EvKctEAdzkKBIJY26TtwZkUjeEqmAQnE5uHvtMTdB8odqGpQu5LAKPqqUYHI9wA=="],

    "graceful-fs": ["graceful-fs@4.2.11", "", {}, "sha512-RbJ5/jmFcNNCcDV5o9eTnBLJ/HszWV0P73bc+Ff4nS/rJj+YaS6IGyiOL0VoBYX+l1Wrl3k63h/KrH+nhJ0XvQ=="],

    "hash-wasm": ["hash-wasm@4.12.0", "", {}, "sha512-+/2B2rYLb48I/evdOIhP+K/DD2ca2fgBjp6O+GBEnCDk2e4rpeXIK8GvIyRPjTezgmWn9gmKwkQjjx6BtqDHVQ=="],

    "hasown": ["hasown@2.0.2", "", { "dependencies": { "function-bind": "^1.1.2" } }, "sha512-0hJU9SCPvmMzIBdZFqNPXWa6dqh7WdH0cII9y+CyS8rG3nL48Bclra9HmKhVVUHyPWNH5Y7xDwAB7bfgSjkUMQ=="],

    "hosted-git-info": ["hosted-git-info@6.1.3", "", { "dependencies": { "lru-cache": "^7.5.1" } }, "sha512-HVJyzUrLIL1c0QmviVh5E8VGyUS7xCFPS6yydaVd1UegW+ibV/CohqTH9MkOLDp5o+rb82DMo77PTuc9F/8GKw=="],

    "html-escaper": ["html-escaper@3.0.3", "", {}, "sha512-RuMffC89BOWQoY0WKGpIhn5gX3iI54O6nRA0yC124NYVtzjmFWBIiFd8M0x+ZdX0P9R4lADg1mgP8C7PxGOWuQ=="],

    "htmlparser2": ["htmlparser2@10.0.0", "", { "dependencies": { "domelementtype": "^2.3.0", "domhandler": "^5.0.3", "domutils": "^3.2.1", "entities": "^6.0.0" } }, "sha512-TwAZM+zE5Tq3lrEHvOlvwgj1XLWQCtaaibSN11Q+gGBAS7Y1uZSWwXXRe4iF6OXnaq1riyQAPFOBtYc77Mxq0g=="],

    "human-signals": ["human-signals@4.3.1", "", {}, "sha512-nZXjEF2nbo7lIw3mgYjItAfgQXog3OjJogSbKa2CQIIvSGWcKgeJnQlNXip6NglNzYH45nSRiEVimMvYL8DDqQ=="],

    "ini": ["ini@1.3.8", "", {}, "sha512-JV/yugV2uzW5iMRSiZAyDtQd+nxtUnjeLt0acNdw98kKLrvuRVyB80tsREOE7yvGVgalhZ6RNXCmEHkUKBKxew=="],

    "is-core-module": ["is-core-module@2.16.1", "", { "dependencies": { "hasown": "^2.0.2" } }, "sha512-UfoeMA6fIJ8wTYFEUjelnaGI67v6+N7qXJEvQuIGa99l4xsCruSYOVSQ0uPANn4dAzm8lkYPaKLrrijLq7x23w=="],

    "is-fullwidth-code-point": ["is-fullwidth-code-point@3.0.0", "", {}, "sha512-zymm5+u+sCsSWyD9qNaejV3DFvhCKclKdizYaJUuHA83RLjb7nSuGnddCHGv0hk+KY7BMAlsWeK4Ueg6EV6XQg=="],

    "is-stream": ["is-stream@3.0.0", "", {}, "sha512-LnQR4bZ9IADDRSkvpqMGvt/tEJWclzklNgSw48V5EAaAeDd6qGvN8ei6k5p0tvxSR171VmGyHuTiAOfxAbr8kA=="],

    "isexe": ["isexe@2.0.0", "", {}, "sha512-RHxMLp9lnKHGHRng9QFhRCMbYAcVpn69smSGcq3f36xjgVVWThj4qqLbTLlq7Ssj8B+fIQ1EuCEGI2lKsyQeIw=="],

    "jackspeak": ["jackspeak@3.4.3", "", { "dependencies": { "@isaacs/cliui": "^8.0.2" }, "optionalDependencies": { "@pkgjs/parseargs": "^0.11.0" } }, "sha512-OGlZQpz2yfahA/Rd1Y8Cd9SIEsqvXkLVoSw/cgwhnhFMDbsQFeZYoJJ7bIZBS9BcamUW96asq/npPWugM+RQBw=="],

    "json-parse-even-better-errors": ["json-parse-even-better-errors@3.0.2", "", {}, "sha512-fi0NG4bPjCHunUJffmLd0gxssIgkNmArMvis4iNah6Owg1MCJjWhEcDLmsK6iGkJq3tHwbDkTlce70/tmXN4cQ=="],

    "json-stringify-pretty-compact": ["json-stringify-pretty-compact@4.0.0", "", {}, "sha512-3CNZ2DnrpByG9Nqj6Xo8vqbjT4F6N+tb4Gb28ESAZjYZ5yqvmc56J+/kuIwkaAMOyblTQhUW7PxMkUb8Q36N3Q=="],

    "jsonfile": ["jsonfile@6.1.0", "", { "dependencies": { "universalify": "^2.0.0" }, "optionalDependencies": { "graceful-fs": "^4.1.6" } }, "sha512-5dgndWOriYSm5cnYaJNhalLNDKOqFwyDB/rr1E9ZsGciGvKPs8R2xYGCacuf3z6K1YKDz182fd+fY3cn3pMqXQ=="],

    "linkedom": ["linkedom@0.18.9", "", { "dependencies": { "css-select": "^5.1.0", "cssom": "^0.5.0", "html-escaper": "^3.0.3", "htmlparser2": "^10.0.0", "uhyphen": "^0.2.0" } }, "sha512-Pfvhwjs46nBrcQdauQjMXDJZqj6VwN7KStT84xQqmIgD9bPH6UVJ/ESW8y4VHVF2h7di0/P+f4Iln4U5emRcmg=="],

    "lru-cache": ["lru-cache@7.18.3", "", {}, "sha512-jumlc0BIUrS3qJGgIkWZsyfAM7NCWiBcCDhnd+3NNM5KbBmLTgHVfWBcg6W+rLUsIpzpERPsvwUP7CckAQSOoA=="],

    "merge-stream": ["merge-stream@2.0.0", "", {}, "sha512-abv/qOcuPfk3URPfDzmZU1LKmuw8kT+0nIHvKrKgFrwifol/doWcdA4ZqsWQ8ENrFKkd67Mfpo/LovbIUsbt3w=="],

    "mimic-fn": ["mimic-fn@4.0.0", "", {}, "sha512-vqiC06CuhBTUdZH+RYl8sFrL096vA45Ok5ISO6sE/Mr1jRbGH4Csnhi8f3wKVl7x8mO4Au7Ir9D3Oyv1VYMFJw=="],

    "minimatch": ["minimatch@9.0.5", "", { "dependencies": { "brace-expansion": "^2.0.1" } }, "sha512-G6T0ZX48xgozx7587koeX9Ys2NYy6Gmv//P89sEte9V9whIapMNF4idKxnW2QtCcLiTWlb/wfCabAtAFWhhBow=="],

    "minipass": ["minipass@7.1.2", "", {}, "sha512-qOOzS1cBTWYF4BH8fVePDBOO9iptMnGUEZwNc/cMWnTV2nVLZ7VoNWEPHkYczZA0pdoA7dl6e7FL659nX9S2aw=="],

    "normalize-package-data": ["normalize-package-data@5.0.0", "", { "dependencies": { "hosted-git-info": "^6.0.0", "is-core-module": "^2.8.1", "semver": "^7.3.5", "validate-npm-package-license": "^3.0.4" } }, "sha512-h9iPVIfrVZ9wVYQnxFgtw1ugSvGEMOlyPWWtm8BMJhnwyEL/FLbYbTY3V3PpjI/BUK67n9PEWDu6eHzu1fB15Q=="],

    "npm-install-checks": ["npm-install-checks@6.3.0", "", { "dependencies": { "semver": "^7.1.1" } }, "sha512-W29RiK/xtpCGqn6f3ixfRYGk+zRyr+Ew9F2E20BfXxT5/euLdA/Nm7fO7OeTGuAmTs30cpgInyJ0cYe708YTZw=="],

    "npm-normalize-package-bin": ["npm-normalize-package-bin@3.0.1", "", {}, "sha512-dMxCf+zZ+3zeQZXKxmyuCKlIDPGuv8EF940xbkC4kQVDTtqoh6rJFO+JTKSA6/Rwi0getWmtuy4Itup0AMcaDQ=="],

    "npm-package-arg": ["npm-package-arg@10.1.0", "", { "dependencies": { "hosted-git-info": "^6.0.0", "proc-log": "^3.0.0", "semver": "^7.3.5", "validate-npm-package-name": "^5.0.0" } }, "sha512-uFyyCEmgBfZTtrKk/5xDfHp6+MdrqGotX/VoOyEEl3mBwiEE5FlBaePanazJSVMPT7vKepcjYBY2ztg9A3yPIA=="],

    "npm-pick-manifest": ["npm-pick-manifest@8.0.2", "", { "dependencies": { "npm-install-checks": "^6.0.0", "npm-normalize-package-bin": "^3.0.0", "npm-package-arg": "^10.0.0", "semver": "^7.3.5" } }, "sha512-1dKY+86/AIiq1tkKVD3l0WI+Gd3vkknVGAggsFeBkTvbhMQ1OND/LKkYv4JtXPKUJ8bOTCyLiqEg2P6QNdK+Gg=="],

    "npm-run-path": ["npm-run-path@5.3.0", "", { "dependencies": { "path-key": "^4.0.0" } }, "sha512-ppwTtiJZq0O/ai0z7yfudtBpWIoxM8yE6nHi1X47eFR2EWORqfbu6CnPlNsjeN683eT0qG6H/Pyf9fCcvjnnnQ=="],

    "nth-check": ["nth-check@2.1.1", "", { "dependencies": { "boolbase": "^1.0.0" } }, "sha512-lqjrjmaOoAnWfMmBPL+XNnynZh2+swxiX3WUE0s4yEHI6m+AwrK2UZOimIRl3X/4QctVqS8AiZjFqyOGrMXb/w=="],

    "onetime": ["onetime@6.0.0", "", { "dependencies": { "mimic-fn": "^4.0.0" } }, "sha512-1FlR+gjXK7X+AsAHso35MnyN5KqGwJRi/31ft6x0M194ht7S+rWAvd7PHss9xSKMzE0asv1pyIHaJYq+BbacAQ=="],

    "p-queue": ["p-queue@7.4.1", "", { "dependencies": { "eventemitter3": "^5.0.1", "p-timeout": "^5.0.2" } }, "sha512-vRpMXmIkYF2/1hLBKisKeVYJZ8S2tZ0zEAmIJgdVKP2nq0nh4qCdf8bgw+ZgKrkh71AOCaqzwbJJk1WtdcF3VA=="],

    "p-timeout": ["p-timeout@5.1.0", "", {}, "sha512-auFDyzzzGZZZdHz3BtET9VEz0SE/uMEAx7uWfGPucfzEwwe/xH0iVeZibQmANYE/hp9T2+UUZT5m+BKyrDp3Ew=="],

    "package-json-from-dist": ["package-json-from-dist@1.0.1", "", {}, "sha512-UEZIS3/by4OC8vL3P2dTXRETpebLI2NiI5vIrjaD/5UtrkFX/tNbwjTSRAGC/+7CAo2pIcBaRgWmcBBHcsaCIw=="],

    "parse-git-config": ["parse-git-config@3.0.0", "", { "dependencies": { "git-config-path": "^2.0.0", "ini": "^1.3.5" } }, "sha512-wXoQGL1D+2COYWCD35/xbiKma1Z15xvZL8cI25wvxzled58V51SJM04Urt/uznS900iQor7QO04SgdfT/XlbuA=="],

    "path-key": ["path-key@3.1.1", "", {}, "sha512-ojmeN0qd+y0jszEtoY48r0Peq5dwMEkIlCOu6Q5f41lfkswXuKtYrhgoTpLnyIcHm24Uhqx+5Tqm2InSwLhE6Q=="],

    "path-scurry": ["path-scurry@1.11.1", "", { "dependencies": { "lru-cache": "^10.2.0", "minipass": "^5.0.0 || ^6.0.2 || ^7.0.0" } }, "sha512-Xa4Nw17FS9ApQFJ9umLiJS4orGjm7ZzwUrwamcGQuHSzDyth9boKDaycYdDcZDuqYATXw4HFXgaqWTctW/v1HA=="],

    "pathe": ["pathe@1.1.2", "", {}, "sha512-whLdWMYL2TwI08hn8/ZqAbrVemu0LNaNNJZX73O6qaIdCTfXutsLhMkjdENX0qhsQ9uIimo4/aQOmXkoon2nDQ=="],

    "picocolors": ["picocolors@1.1.1", "", {}, "sha512-xceH2snhtb5M9liqDsmEw56le376mTZkEX/jEb/RxNFyegNul7eNslCXP9FDj/Lcu0X8KEyMceP2ntpaHrDEVA=="],

    "playwright": ["playwright@1.50.1", "", { "dependencies": { "playwright-core": "1.50.1" }, "optionalDependencies": { "fsevents": "2.3.2" }, "bin": { "playwright": "cli.js" } }, "sha512-G8rwsOQJ63XG6BbKj2w5rHeavFjy5zynBA9zsJMMtBoe/Uf757oG12NXz6e6OirF7RCrTVAKFXbLmn1RbL7Qaw=="],

    "playwright-core": ["playwright-core@1.50.1", "", { "bin": { "playwright-core": "cli.js" } }, "sha512-ra9fsNWayuYumt+NiM069M6OkcRb1FZSK8bgi66AtpFoWkg2+y0bJSNmkFrWhMbEBbVKC/EruAHH3g0zmtwGmQ=="],

    "proc-log": ["proc-log@3.0.0", "", {}, "sha512-++Vn7NS4Xf9NacaU9Xq3URUuqZETPsf8L4j5/ckhaRYsfPeRyzGw+iDjFhV/Jr3uNmTvvddEJFWh5R1gRgUH8A=="],

    "promise-inflight": ["promise-inflight@1.0.1", "", {}, "sha512-6zWPyEOFaQBJYcGMHBKTKJ3u6TBsnMFOIZSa6ce1e/ZrrsOlnHRHbabMjLiBYKp+n44X9eUI6VUPaukCXHuG4g=="],

    "promise-retry": ["promise-retry@2.0.1", "", { "dependencies": { "err-code": "^2.0.2", "retry": "^0.12.0" } }, "sha512-y+WKFlBR8BGXnsNlIHFGPZmyDf3DFMoLhaflAnyZgV6rG6xu+JwesTo2Q9R6XwYmtmwAFCkAk3e35jEdoeh/3g=="],

    "retry": ["retry@0.12.0", "", {}, "sha512-9LkiTwjUh6rT555DtE9rTX+BKByPfrMzEAtnlEtdEwr3Nkffwiihqe2bWADg+OQRjt9gl6ICdmB/ZFDCGAtSow=="],

    "semver": ["semver@7.7.1", "", { "bin": { "semver": "bin/semver.js" } }, "sha512-hlq8tAfn0m/61p4BVRcPzIGr6LKiMwo4VM6dGi6pt4qcRkmNzTcWq6eCEjEh+qXjkMDvPlOFFSGwQjoEa6gyMA=="],

    "shebang-command": ["shebang-command@2.0.0", "", { "dependencies": { "shebang-regex": "^3.0.0" } }, "sha512-kHxr2zZpYtdmrN1qDjrrX/Z1rR1kG8Dx+gkpK1G4eXmvXswmcE1hTWBWYUzlraYw1/yZp6YuDY77YtvbN0dmDA=="],

    "shebang-regex": ["shebang-regex@3.0.0", "", {}, "sha512-7++dFhtcx3353uBaq8DDR4NuxBetBzC7ZQOhmTQInHEd6bSrXdiEyzCvG07Z44UYdLShWUyXt5M/yhz8ekcb1A=="],

    "signal-exit": ["signal-exit@3.0.7", "", {}, "sha512-wnD2ZE+l+SPC/uoS0vXeE9L1+0wuaMqKlfz9AMUo38JsyLSBWSFcHR1Rri62LZc12vLr1gb3jl7iwQhgwpAbGQ=="],

    "sisteransi": ["sisteransi@1.0.5", "", {}, "sha512-bLGGlR1QxBcynn2d5YmDX4MGjlZvy2MRBDRNHLJ8VI6l6+9FUiyTFNJ0IveOSP0bcXgVDPRcfGqA0pjaqUpfVg=="],

    "spdx-correct": ["spdx-correct@3.2.0", "", { "dependencies": { "spdx-expression-parse": "^3.0.0", "spdx-license-ids": "^3.0.0" } }, "sha512-kN9dJbvnySHULIluDHy32WHRUu3Og7B9sbY7tsFLctQkIqnMh3hErYgdMjTYuqmcXX+lK5T1lnUt3G7zNswmZA=="],

    "spdx-exceptions": ["spdx-exceptions@2.5.0", "", {}, "sha512-PiU42r+xO4UbUS1buo3LPJkjlO7430Xn5SVAhdpzzsPHsjbYVflnnFdATgabnLude+Cqu25p6N+g2lw/PFsa4w=="],

    "spdx-expression-parse": ["spdx-expression-parse@3.0.1", "", { "dependencies": { "spdx-exceptions": "^2.1.0", "spdx-license-ids": "^3.0.0" } }, "sha512-cbqHunsQWnJNE6KhVSMsMeH5H/L9EpymbzqTQ3uLwNCLZ1Q481oWaofqH7nO6V07xlXwY6PhQdQ2IedWx/ZK4Q=="],

    "spdx-license-ids": ["spdx-license-ids@3.0.21", "", {}, "sha512-Bvg/8F5XephndSK3JffaRqdT+gyhfqIPwDHpX80tJrF8QQRYMo8sNMeaZ2Dp5+jhwKnUmIOyFFQfHRkjJm5nXg=="],

    "string-width": ["string-width@5.1.2", "", { "dependencies": { "eastasianwidth": "^0.2.0", "emoji-regex": "^9.2.2", "strip-ansi": "^7.0.1" } }, "sha512-HnLOCR3vjcY8beoNLtcjZ5/nxn2afmME6lhrDrebokqMap+XbeW8n9TXpPDOqdGK5qcI3oT0GKTW6wC7EMiVqA=="],

    "string-width-cjs": ["string-width@4.2.3", "", { "dependencies": { "emoji-regex": "^8.0.0", "is-fullwidth-code-point": "^3.0.0", "strip-ansi": "^6.0.1" } }, "sha512-wKyQRQpjJ0sIp62ErSZdGsjMJWsap5oRNihHhu6G7JVO/9jIB6UyevL+tXuOqrng8j/cxKTWyWUwvSTriiZz/g=="],

    "strip-ansi": ["strip-ansi@7.1.0", "", { "dependencies": { "ansi-regex": "^6.0.1" } }, "sha512-iq6eVVI64nQQTRYq2KtEg2d2uU7LElhTJwsH4YzIHZshxlgZms/wIc4VoDQTlG/IvVIrBKG06CrZnp0qv7hkcQ=="],

    "strip-ansi-cjs": ["strip-ansi@6.0.1", "", { "dependencies": { "ansi-regex": "^5.0.1" } }, "sha512-Y38VPSHcqkFrCpFnQ9vuSXmquuv5oXOKpGeT6aGrr3o3Gc9AlVa6JBfUSOCnbxGGZF+/0ooI7KrPuUSztUdU5A=="],

    "strip-final-newline": ["strip-final-newline@3.0.0", "", {}, "sha512-dOESqjYr96iWYylGObzd39EuNTa5VJxyvVAEm5Jnh7KGo75V43Hk1odPQkNDyXNmUR6k+gEiDVXnjB8HJ3crXw=="],

    "stylis": ["stylis@4.3.6", "", {}, "sha512-yQ3rwFWRfwNUY7H5vpU0wfdkNSnvnJinhF9830Swlaxl03zsOjCfmX0ugac+3LtK0lYSgwL/KXc8oYL3mG4YFQ=="],

    "uhyphen": ["uhyphen@0.2.0", "", {}, "sha512-qz3o9CHXmJJPGBdqzab7qAYuW8kQGKNEuoHFYrBwV6hWIMcpAmxDLXojcHfFr9US1Pe6zUswEIJIbLI610fuqA=="],

    "undici-types": ["undici-types@6.20.0", "", {}, "sha512-Ny6QZ2Nju20vw1SRHe3d9jVu6gJ+4e3+MMpqu7pqE5HT6WsTSlce++GQmK5UXS8mzV8DSYHrQH+Xrf2jVcuKNg=="],

    "universal-user-agent": ["universal-user-agent@7.0.2", "", {}, "sha512-0JCqzSKnStlRRQfCdowvqy3cy0Dvtlb8xecj/H8JFZuCze4rwjPZQOgvFvn0Ws/usCHQFGpyr+pB9adaGwXn4Q=="],

    "universalify": ["universalify@2.0.1", "", {}, "sha512-gptHNQghINnc/vTGIk0SOFGFNXw7JVrlRUtConJRlvaw6DuX0wO5Jeko9sWrMBhh+PsYAZ7oXAiOnf/UKogyiw=="],

    "validate-npm-package-license": ["validate-npm-package-license@3.0.4", "", { "dependencies": { "spdx-correct": "^3.0.0", "spdx-expression-parse": "^3.0.0" } }, "sha512-DpKm2Ui/xN7/HQKCtpZxoRWBhZ9Z0kqtygG8XCgNQ8ZlDnxuQmWhj566j8fN4Cu3/JmbhsDo7fcAJq4s9h27Ew=="],

    "validate-npm-package-name": ["validate-npm-package-name@5.0.1", "", {}, "sha512-OljLrQ9SQdOUqTaQxqL5dEfZWrXExyyWsozYlAWFawPVNuD83igl7uJD2RTkNMbniIYgt8l81eCJGIdQF7avLQ=="],

    "which": ["which@3.0.1", "", { "dependencies": { "isexe": "^2.0.0" }, "bin": { "node-which": "bin/which.js" } }, "sha512-XA1b62dzQzLfaEOSQFTCOd5KFf/1VSzZo7/7TUjnya6u0vGGKzU96UQBZTAThCb2j4/xjBAyii1OhRLJEivHvg=="],

    "wrap-ansi": ["wrap-ansi@8.1.0", "", { "dependencies": { "ansi-styles": "^6.1.0", "string-width": "^5.0.1", "strip-ansi": "^7.0.1" } }, "sha512-si7QWI6zUMq56bESFvagtmzMdGOtoxfR+Sez11Mobfc7tm+VkUckk9bW2UeffTGVUbOksxmSw0AA2gs8g71NCQ=="],

    "wrap-ansi-cjs": ["wrap-ansi@7.0.0", "", { "dependencies": { "ansi-styles": "^4.0.0", "string-width": "^4.1.0", "strip-ansi": "^6.0.0" } }, "sha512-YVGIj2kamLSTxw6NsZjoBxfSwsn0ycdesmc4p+Q21c5zPuZ1pl+NfxVdxPtdHvmNVOQ6XSYG4AUtyt/Fi7D16Q=="],

    "zod": ["zod@3.24.2", "", {}, "sha512-lY7CDW43ECgW9u1TcT3IoXHflywfVqDYze4waEz812jR/bZ8FHDsl7pFQoSZTz5N+2NqRXs8GBwnAwo3ZNxqhQ=="],

    "@clack/prompts/is-unicode-supported": ["is-unicode-supported@2.1.0", "", { "bundled": true }, "sha512-mE00Gnza5EEB3Ds0HfMyllZzbBrmLOX3vfWoj9A9PEnTfratQ/BcaJOuMhnkhjXvb2+FkY3VuHqtAGpTPmglFQ=="],

    "cross-spawn/which": ["which@2.0.2", "", { "dependencies": { "isexe": "^2.0.0" }, "bin": { "node-which": "./bin/node-which" } }, "sha512-BLI3Tl1TW3Pvl70l3yq3Y64i+awpwXqsGBYWkkqMtnbXgrMD+yj7rhW0kuEDxzJaYXGjEW5ogapKNMEKNMjibA=="],

    "dom-serializer/entities": ["entities@4.5.0", "", {}, "sha512-V0hjH4dGPh9Ao5p0MoRY6BVqtwCjhz6vI5LT8AJ55H+4g9/4vbHx1I54fS0XuclLhDHArPQCiMjDxjaL8fPxhw=="],

    "foreground-child/signal-exit": ["signal-exit@4.1.0", "", {}, "sha512-bzyZ1e88w9O1iNJbKnOlvYTrWPDl46O1bG0D3XInv+9tkPrxrN8jUUTiFlDkkmKWgn1M6CfIA13SuGqOa9Korw=="],

    "npm-run-path/path-key": ["path-key@4.0.0", "", {}, "sha512-haREypq7xkM7ErfgIyA0z+Bj4AGKlMSdlQE2jvJo6huWD1EdkKYV+G/T4nq0YEF2vgTT8kqMFKo1uHn950r4SQ=="],

    "path-scurry/lru-cache": ["lru-cache@10.4.3", "", {}, "sha512-JNAzZcXrCt42VGLuYz0zfAzDfAvJWW6AfYlDBQyDV5DClI2m5sAmK+OIO7s59XfsRsWHp02jAJrRadPRGTt6SQ=="],

    "string-width-cjs/emoji-regex": ["emoji-regex@8.0.0", "", {}, "sha512-MSjYzcWNOA0ewAHpz0MxpYFvwg6yjy1NG3xteoqz644VCo/RPgnr1/GGt+ic3iJTzQ8Eu3TdM14SawnVUmGE6A=="],

    "string-width-cjs/strip-ansi": ["strip-ansi@6.0.1", "", { "dependencies": { "ansi-regex": "^5.0.1" } }, "sha512-Y38VPSHcqkFrCpFnQ9vuSXmquuv5oXOKpGeT6aGrr3o3Gc9AlVa6JBfUSOCnbxGGZF+/0ooI7KrPuUSztUdU5A=="],

    "strip-ansi-cjs/ansi-regex": ["ansi-regex@5.0.1", "", {}, "sha512-quJQXlTSUGL2LH9SUXo8VwsY4soanhgo6LNSm84E1LBcE8s3O0wpdiRzyR9z/ZZJMlMWv37qOOb9pdJlMUEKFQ=="],

    "wrap-ansi-cjs/ansi-styles": ["ansi-styles@4.3.0", "", { "dependencies": { "color-convert": "^2.0.1" } }, "sha512-zbB9rCJAT1rbjiVDb2hqKFHNYLxgtk8NURxZ3IZwD3F6NtxbXZQCnnSi1Lkx+IDohdPlFp222wVALIheZJQSEg=="],

    "wrap-ansi-cjs/string-width": ["string-width@4.2.3", "", { "dependencies": { "emoji-regex": "^8.0.0", "is-fullwidth-code-point": "^3.0.0", "strip-ansi": "^6.0.1" } }, "sha512-wKyQRQpjJ0sIp62ErSZdGsjMJWsap5oRNihHhu6G7JVO/9jIB6UyevL+tXuOqrng8j/cxKTWyWUwvSTriiZz/g=="],

    "wrap-ansi-cjs/strip-ansi": ["strip-ansi@6.0.1", "", { "dependencies": { "ansi-regex": "^5.0.1" } }, "sha512-Y38VPSHcqkFrCpFnQ9vuSXmquuv5oXOKpGeT6aGrr3o3Gc9AlVa6JBfUSOCnbxGGZF+/0ooI7KrPuUSztUdU5A=="],

    "string-width-cjs/strip-ansi/ansi-regex": ["ansi-regex@5.0.1", "", {}, "sha512-quJQXlTSUGL2LH9SUXo8VwsY4soanhgo6LNSm84E1LBcE8s3O0wpdiRzyR9z/ZZJMlMWv37qOOb9pdJlMUEKFQ=="],

    "wrap-ansi-cjs/string-width/emoji-regex": ["emoji-regex@8.0.0", "", {}, "sha512-MSjYzcWNOA0ewAHpz0MxpYFvwg6yjy1NG3xteoqz644VCo/RPgnr1/GGt+ic3iJTzQ8Eu3TdM14SawnVUmGE6A=="],

    "wrap-ansi-cjs/strip-ansi/ansi-regex": ["ansi-regex@5.0.1", "", {}, "sha512-quJQXlTSUGL2LH9SUXo8VwsY4soanhgo6LNSm84E1LBcE8s3O0wpdiRzyR9z/ZZJMlMWv37qOOb9pdJlMUEKFQ=="],
  }
}
